{
  "name": "just-all",
  "version": "0.1.0",
  "lockfileVersion": 1,
  "requires": true,
  "dependencies": {
    "just-camel-case": {
      "version": "4.0.2",
      "resolved": "https://registry.npmjs.org/just-camel-case/-/just-camel-case-4.0.2.tgz",
      "integrity": "sha512-df6QI/EIq+6uHe/wtaa9Qq7/pp4wr4pJC/r1+7XhVL6m5j03G6h9u9/rIZr8rDASX7CxwDPQnZjffCo2e6PRLw=="
    },
    "just-capitalize": {
      "version": "1.0.1",
      "resolved": "https://registry.npmjs.org/just-capitalize/-/just-capitalize-1.0.1.tgz",
      "integrity": "sha512-K7FY7ObOLfwr3QxjOLT8ECNgJOWcZ46KSoUZVZTEMMEK1yIOQBqgMgHXN+7rPRAw8LH10YG89pOudIMzyy0jdQ=="
    },
    "just-cartesian-product": {
      "version": "1.0.2",
      "resolved": "https://registry.npmjs.org/just-cartesian-product/-/just-cartesian-product-1.0.2.tgz",
      "integrity": "sha512-AfRHUJwe1TjUM5S2C78HOdzkbfUiZraE7VFePIDbjJ094t7+oUvbA3TZhGpxX0bgUNczSyZCeiYrcqhMxTG1RQ=="
    },
    "just-clamp": {
      "version": "3.1.0",
      "resolved": "https://registry.npmjs.org/just-clamp/-/just-clamp-3.1.0.tgz",
      "integrity": "sha512-L2jD0KF+9GJJJSQhKxDbAo+L4JXBDURvb77GnhLpDj1Rhkxt89mjMqjzQHFdyayUble/fVD6RBRTdCI2om0rSw=="
    },
    "just-clone": {
      "version": "3.2.1",
      "resolved": "https://registry.npmjs.org/just-clone/-/just-clone-3.2.1.tgz",
      "integrity": "sha512-PFotEVrrzAnwuWTUOFquDShWrHnUnhxNrVs1VFqkNfnoH3Sn5XUlDOePYn2Vv5cN8xV2y69jf8qEoQHm7eoLnw=="
    },
    "just-compact": {
      "version": "2.1.0",
      "resolved": "https://registry.npmjs.org/just-compact/-/just-compact-2.1.0.tgz",
      "integrity": "sha512-lIQ67Q7Dexip9H0fyN6iw1k89TohyK8OlY/bX8Yf4wgUYB4h7ZFQnb1FvhxV1dBhmrpNRLVN3Qk5XTP7Wl6RDA=="
    },
    "just-compare": {
      "version": "1.4.0",
      "resolved": "https://registry.npmjs.org/just-compare/-/just-compare-1.4.0.tgz",
      "integrity": "sha512-uNZ4VC7/WoBWAasr2FDOYtIb7S6e4K4ERJTnyYHSBltJQ3/Qg2c/HX+vFT4Zas5tw/e/jWxvaaOD84QcgCxRGw=="
    },
    "just-compose": {
      "version": "1.1.0",
      "resolved": "https://registry.npmjs.org/just-compose/-/just-compose-1.1.0.tgz",
      "integrity": "sha512-X9X19Xe3uigbsAL9084V0yWyAv0ZoFnvTSeYg/ElL/ui12lz3kL+enzUimCL9bSJmL7FuL4dfICYBmeSJLtMkg=="
    },
    "just-curry-it": {
      "version": "3.1.0",
      "resolved": "https://registry.npmjs.org/just-curry-it/-/just-curry-it-3.1.0.tgz",
      "integrity": "sha512-mjzgSOFzlrurlURaHVjnQodyPNvrHrf1TbQP2XU9NSqBtHQPuHZ+Eb6TAJP7ASeJN9h9K0KXoRTs8u6ouHBKvg=="
    },
    "just-debounce-it": {
      "version": "1.4.0",
      "resolved": "https://registry.npmjs.org/just-debounce-it/-/just-debounce-it-1.4.0.tgz",
      "integrity": "sha512-D6wp9toCJ77OAL8AvY+fgcNLlR9NC4HKnz6yx6r/IrOFcuDYdqk+P9asMg9nTLYT24Wpu1sT0lukDES6uvQvqA=="
    },
    "just-demethodize": {
      "version": "2.1.0",
      "resolved": "https://registry.npmjs.org/just-demethodize/-/just-demethodize-2.1.0.tgz",
      "integrity": "sha512-tFFIq2mKd30ekHgR9MRsMrFuVkUev2rAMQDiCp7RDLbrdd/elTYYhtsCBBB2dyary2qvMnlc9WUE0uboWkTAaw=="
    },
    "just-diff": {
      "version": "3.1.1",
      "resolved": "https://registry.npmjs.org/just-diff/-/just-diff-3.1.1.tgz",
      "integrity": "sha512-sdMWKjRq8qWZEjDcVA6llnUT8RDEBIfOiGpYFPYa9u+2c39JCsejktSP7mj5eRid5EIvTzIpQ2kDOCw1Nq9BjQ=="
    },
    "just-diff-apply": {
      "version": "3.0.0",
      "resolved": "https://registry.npmjs.org/just-diff-apply/-/just-diff-apply-3.0.0.tgz",
      "integrity": "sha512-K2MLc+ZC2DVxX4V61bIKPeMUUfj1YYZ3h0myhchDXOW1cKoPZMnjIoNCqv9bF2n5Oob1PFxuR2gVJxkxz4e58w=="
    },
    "just-entries": {
      "version": "1.1.0",
      "resolved": "https://registry.npmjs.org/just-entries/-/just-entries-1.1.0.tgz",
      "integrity": "sha512-2Qp/oL4aUnSwKyWaKdIpTWT0ZxGBUFiSxqLpA+bXE/wK4gTJbr4pKfMSW3Y4DFeYAkznYEvyEaB7hHlKcx/GOg=="
    },
    "just-extend": {
      "version": "4.2.1",
      "resolved": "https://registry.npmjs.org/just-extend/-/just-extend-4.2.1.tgz",
      "integrity": "sha512-g3UB796vUFIY90VIv/WX3L2c8CS2MdWUww3CNrYmqza1Fg0DURc2K/O4YrnklBdQarSJ/y8JnJYDGc+1iumQjg=="
    },
    "just-filter-object": {
      "version": "1.2.0",
      "resolved": "https://registry.npmjs.org/just-filter-object/-/just-filter-object-1.2.0.tgz",
      "integrity": "sha512-KQaQhRUdVJnVVQm7iluS0K49E0HOxr/Pe0eJ6N8QIzp2XhrthNvkkIsSM59IPHk3FS7/w/ghytBbgqP/oxoYxQ=="
    },
    "just-flatten-it": {
      "version": "2.1.0",
      "resolved": "https://registry.npmjs.org/just-flatten-it/-/just-flatten-it-2.1.0.tgz",
      "integrity": "sha512-mX3NUt/LF6EzohLJZXhywCwz2zqdhx6wVkEu6UfUx00lVQlSB6SBV1O+/Le15NfsimrWRD82H69ZkSVQZffhmw=="
    },
    "just-flip": {
      "version": "1.1.0",
      "resolved": "https://registry.npmjs.org/just-flip/-/just-flip-1.1.0.tgz",
      "integrity": "sha512-7ZZw0AGbfX1L9q2Y0SgvUhbPKWM45/xPh0ZlLxSkiAoYaa7HxaRJp7nILeMZ8/GKbxVglrNk9+jjhC4pt+vfwQ=="
    },
    "just-flip-object": {
      "version": "1.1.0",
      "resolved": "https://registry.npmjs.org/just-flip-object/-/just-flip-object-1.1.0.tgz",
      "integrity": "sha512-8Hf5lyV3imPlPq8ls/5WzB5MEgxo+mCYrl11m9ko4SY8RMYmMdxpvgsXg2B0KqlMPN6RyS6WUv+qS31TTTdJig=="
    },
    "just-flush": {
      "version": "1.1.0",
      "resolved": "https://registry.npmjs.org/just-flush/-/just-flush-1.1.0.tgz",
      "integrity": "sha512-NY3rXwXBNR/8KCV1xU6FfFWLlNty3U0RpEMpt2rPQlEQfNi8UmDzh1W9obIWWBfV6JrnjrSPVXOTyfxlTqx9hA=="
    },
    "just-group-by": {
      "version": "1.0.0",
      "resolved": "https://registry.npmjs.org/just-group-by/-/just-group-by-1.0.0.tgz",
      "integrity": "sha512-SBQOUgx7gBoPfky1QBysFFUk3U++QVzS6B8XgSdB8riwYkYAh6TUBYBNI2lS41xg2BqLl6ZcBOLuJSMC0eVPIw=="
    },
    "just-index": {
      "version": "2.1.0",
      "resolved": "https://registry.npmjs.org/just-index/-/just-index-2.1.0.tgz",
      "integrity": "sha512-CJdXBSzZkog+7PZGupZ35PkIRn/3G6tPgMrLihdF5Fke3oi31LVXnzbK5Sh9z0vu0I9Pj1ibHhpB5/rC2GSU8Q=="
    },
    "just-insert": {
      "version": "2.1.0",
      "resolved": "https://registry.npmjs.org/just-insert/-/just-insert-2.1.0.tgz",
      "integrity": "sha512-qn7w2cv6yCFUG63+MdVLJP5aEWTW4vIjndtBNItCa/IyKPLe0GVyUFmu+YOhlAGYN51JllsoNzlgUWomnYdGLw=="
    },
    "just-intersect": {
      "version": "3.1.0",
      "resolved": "https://registry.npmjs.org/just-intersect/-/just-intersect-3.1.0.tgz",
      "integrity": "sha512-067SEOhtX24TOJuQIZYor2PuIocRjCRwHEL+SRQBj0iuDf7ZQXR7w++cYnjMFBb5+W0SNWWz/Q7MpkCuen6U0A=="
    },
    "just-is-circular": {
      "version": "1.1.0",
      "resolved": "https://registry.npmjs.org/just-is-circular/-/just-is-circular-1.1.0.tgz",
      "integrity": "sha512-eJN/TGhALGUqeKxGO+jP6P50JovFIPiZ1Bb3O09XobxnsBGrN5qgM+ePjhkZvTNPMxbqOfBjnNzTRJH+Upl64w=="
    },
    "just-is-empty": {
      "version": "2.0.1",
      "resolved": "https://registry.npmjs.org/just-is-empty/-/just-is-empty-2.0.1.tgz",
      "integrity": "sha512-c05XqAnVCLRrd5u8WnKrUKjVsjQHAF8mI1fVUWvnfrAMLFiu/8tWDG/TaKEnQMcQ3YlQPZqdAcsX1gv4G9/Gcw=="
    },
    "just-is-prime": {
      "version": "1.0.1",
      "resolved": "https://registry.npmjs.org/just-is-prime/-/just-is-prime-1.0.1.tgz",
      "integrity": "sha512-eDvB2obDXna1U80egPeHCQQfKrMY1ai13dYuU9pgZG19TAFrBU30UllIVPrZx1523kVGBlgGKGMIrR5WwHWIRw=="
    },
    "just-is-primitive": {
      "version": "1.1.0",
      "resolved": "https://registry.npmjs.org/just-is-primitive/-/just-is-primitive-1.1.0.tgz",
      "integrity": "sha512-nIMc0Yfb+Jkw+oiVQ1wQq5zz/JfnOxisJNnNtdodSbl7ooALYcUP7wePbteHNowKDWzyyhSlkjqScrv2Jdu+Zg=="
    },
    "just-kebab-case": {
      "version": "1.1.0",
      "resolved": "https://registry.npmjs.org/just-kebab-case/-/just-kebab-case-1.1.0.tgz",
      "integrity": "sha512-QkuwuBMQ9BQHMUEkAtIA4INLrkmnnveqlFB1oFi09gbU0wBdZo6tTnyxNWMR84zHxBuwK7GLAwqN8nrvVxOLTA=="
    },
    "just-last": {
      "version": "2.1.0",
      "resolved": "https://registry.npmjs.org/just-last/-/just-last-2.1.0.tgz",
      "integrity": "sha512-8TsaPM13QQm9UcjDPOi2C4/SyA6u5xrulzqJLPkrgvgK4FVToreGZaLIH/cCRG4tfJK+E7ACbl5WL9t0h66pxQ=="
    },
    "just-left-pad": {
      "version": "2.1.0",
      "resolved": "https://registry.npmjs.org/just-left-pad/-/just-left-pad-2.1.0.tgz",
      "integrity": "sha512-WSukTkJ3XI5DwrCqYjOO8+ij+QtatushOrQiDdo1LbbD4x9s+d0tBlFmndvjG4C/uEbmy987naQOpNU2K+7IgQ=="
    },
    "just-map-keys": {
      "version": "1.1.0",
      "resolved": "https://registry.npmjs.org/just-map-keys/-/just-map-keys-1.1.0.tgz",
      "integrity": "sha512-oNKi+4y7fr8lXnhKYpBbCkiwHRVkAnx0VDkCeTDtKKMzGr1Lz1Yym+RSieKUTKim68emC5Yxrb4YmiF9STDO+g=="
    },
    "just-map-object": {
      "version": "1.2.0",
      "resolved": "https://registry.npmjs.org/just-map-object/-/just-map-object-1.2.0.tgz",
      "integrity": "sha512-OwZKmPmG/+DGPK9vJsVp4HvC3uAcpqeSH4UmlaIQd3QmssNjeegMiLO1sbVadGTA/rkiSszcN1Ie0ZQlkwSzKw=="
    },
    "just-map-values": {
      "version": "1.2.1",
      "resolved": "https://registry.npmjs.org/just-map-values/-/just-map-values-1.2.1.tgz",
      "integrity": "sha512-XLbcbUxfuMbkMKUJhhKCEWRjSS13oWrr5yCZbeg7+8xhk7WJZkVmvzNCtkKtosdguN2bplFnvOOUsd/t8oiGyw=="
    },
    "just-mean": {
      "version": "1.0.0",
      "resolved": "https://registry.npmjs.org/just-mean/-/just-mean-1.0.0.tgz",
      "integrity": "sha512-VMYOQ0/QoSPsJo6P7H06HwW2c9Evey2t0KqvIs2h5Cuof0T54EkU8Yv0ONIn14OFZbmHhm2W4HjM//x5x2Qg8w=="
    },
    "just-median": {
      "version": "1.0.1",
      "resolved": "https://registry.npmjs.org/just-median/-/just-median-1.0.1.tgz",
      "integrity": "sha512-AQGIZxEhBMfNyjPklKwwosiL/KLzeNPLf4bRLaFMXk9Xi+WZZufl4XzxhWydFvBRGYv6uiXo9himDsDdXKBH/g=="
    },
    "just-memoize": {
      "version": "1.1.0",
      "resolved": "https://registry.npmjs.org/just-memoize/-/just-memoize-1.1.0.tgz",
      "integrity": "sha512-ALigWyjMjGqN0CHLBLCZpi6DatXQ60wLIsaZc7OxH6kdFUC/4nIjyqPUmozQ74augLvLmvJDHa1CCPzqD7oVnA=="
    },
    "just-merge": {
      "version": "1.1.0",
      "resolved": "https://registry.npmjs.org/just-merge/-/just-merge-1.1.0.tgz",
      "integrity": "sha512-bb7lnyftimdNFx9cP3Uy/k0AHR9O/urH5ZyZdtuo+FeUcngL9vxDVBD94W7cQPDBz80Scstxe79J0St2etELMg=="
    },
    "just-mode": {
      "version": "1.0.0",
      "resolved": "https://registry.npmjs.org/just-mode/-/just-mode-1.0.0.tgz",
      "integrity": "sha512-8PXCKYAvSUF10QV/3UVnmuuwUVyprI0QtA1/32zQiJ/CYqlBFkWsStSDw5rmQOohKWTk0eJtqwQjaZKNjbdAyg=="
    },
    "just-modulo": {
      "version": "1.1.0",
      "resolved": "https://registry.npmjs.org/just-modulo/-/just-modulo-1.1.0.tgz",
      "integrity": "sha512-d8ufYOBfqrWG+wRat7GbJlrvMjHP+PACp7mGV+c9MN3VAijzSuaqIkFjU8RYPXH4aGzdL3QFnfGBytaxnPJqpg=="
    },
    "just-omit": {
      "version": "1.1.0",
      "resolved": "https://registry.npmjs.org/just-omit/-/just-omit-1.1.0.tgz",
      "integrity": "sha512-MBDr0a1Yyzht8KK3RS2oUKtJSKRrm+6txDuEFJOXoALnX4h+FcQyWSKVNDlZiClOSIRf1PkzJ+QkKm0pjLS7Mw=="
    },
    "just-once": {
      "version": "1.1.1",
      "resolved": "https://registry.npmjs.org/just-once/-/just-once-1.1.1.tgz",
      "integrity": "sha512-C0Rjk2NbRc9RWWHE9D6hMD1cm0ppH6rmH0YtM93j05unxH0W1pZWKyMK52z8ZWXFII4ntUHPbpK8/GnaQLS0PA=="
    },
    "just-partial-it": {
      "version": "2.1.0",
      "resolved": "https://registry.npmjs.org/just-partial-it/-/just-partial-it-2.1.0.tgz",
      "integrity": "sha512-NIJ8ToGS1/dyuVysOqbJLNv5ft1OD4062jo9AfhQ52eFaAqvRewNRgt/K1+08gJohZXmnZMMwI+WfVnbMCiVjA=="
    },
    "just-partition": {
      "version": "1.1.0",
      "resolved": "https://registry.npmjs.org/just-partition/-/just-partition-1.1.0.tgz",
      "integrity": "sha512-NlbtMsY4NXoauCJIzaAv3TCOwZuRyxWpsizP9gK8OzILPZ2qAHLo4MxwlluAiBC5cMGzGsEZU3srDPNlYKQRfw=="
    },
    "just-pascal-case": {
      "version": "1.1.0",
      "resolved": "https://registry.npmjs.org/just-pascal-case/-/just-pascal-case-1.1.0.tgz",
      "integrity": "sha512-9WrLmpZ2wbt/k9ZAwp8MMc9/RqPRzUZZ+szWmAGFkas4+/z//+xYN8iUOBR2gmpiH8X5rJ+/yMvNFalMSKwmyg=="
    },
    "just-percentile": {
      "version": "1.0.1",
      "resolved": "https://registry.npmjs.org/just-percentile/-/just-percentile-1.0.1.tgz",
      "integrity": "sha512-gSwVylmFKl8yUhxMj/kPNsen5McL8yZoBq33xhB/WHfM6c9ZJighjsRbZ0tOlYmyrhMhS1m8jhtfybzcnUlOKg=="
    },
    "just-permutations": {
      "version": "1.0.0",
      "resolved": "https://registry.npmjs.org/just-permutations/-/just-permutations-1.0.0.tgz",
      "integrity": "sha512-afmDEE5ZwOuY2WJRIh31WmtzUg+iPzXHY2HJ+8eQlrgnKQoXvtWC9TyNIUWd4rfOpXYeZLTXBfWwofIHrYNHXA=="
    },
    "just-pick": {
      "version": "2.2.1",
      "resolved": "https://registry.npmjs.org/just-pick/-/just-pick-2.2.1.tgz",
      "integrity": "sha512-OHNALFP20RBx164wDu98FI5oO7q7DRnF0h4GgCqV7y29+bR4oITLAVsnZZjIsXwvQQm3GHdOyvl+fZDgYtmWwQ=="
    },
    "just-pluck-it": {
      "version": "1.2.0",
      "resolved": "https://registry.npmjs.org/just-pluck-it/-/just-pluck-it-1.2.0.tgz",
      "integrity": "sha512-iDzNYZdBBr2Wkw8zrGFJvNfcvat1Mh1o7qxpJpQA829z0ZRvTTqWzL9+O2r+kODXMZb0KeTuqCW0kgaLyQVBPg=="
    },
    "just-prune": {
      "version": "1.1.0",
      "resolved": "https://registry.npmjs.org/just-prune/-/just-prune-1.1.0.tgz",
      "integrity": "sha512-UngsSOCxaXU55g273z6WmF1ja72Pteu906qEKiukCHpbksUNg19Zj+oglaOg5FhiJ0UeMSZWo8xddZi5/CAWnQ=="
    },
    "just-random": {
      "version": "2.1.0",
      "resolved": "https://registry.npmjs.org/just-random/-/just-random-2.1.0.tgz",
      "integrity": "sha512-EsNWjWEiDFrwHoKreg44wx34Aqw7lwtbAQaspYjc7LFWo7PjTcC56CJGxD+5hLtApgcb5QzLt/x4zowcYmZj+A=="
    },
    "just-range": {
      "version": "2.1.0",
      "resolved": "https://registry.npmjs.org/just-range/-/just-range-2.1.0.tgz",
      "integrity": "sha512-X5AaLuFTVrwWtozWjR+4TJi8vRBdgicVjaX0IWJ8o6VBavjQGIcF1e/b6rmFcXa8lWpKKKRgMT7PZt+ic36//w=="
    },
    "just-reduce-object": {
      "version": "1.1.0",
      "resolved": "https://registry.npmjs.org/just-reduce-object/-/just-reduce-object-1.1.0.tgz",
      "integrity": "sha512-nGyg7N9FEZsyrGQNilkyVLxKPsf96iel5v0DrozQ19ML+96HntyS/53bOP68iK/kZUGvsL3FKygV8nQYYhgTFw=="
    },
    "just-remove": {
      "version": "2.1.0",
      "resolved": "https://registry.npmjs.org/just-remove/-/just-remove-2.1.0.tgz",
      "integrity": "sha512-oEIpm/E8R7HddwCF83PN7sqaAgwucYO+65XGoVi5MDcpGKH5ocKIIA0B0+zRufnK7UevTmNCkCbVDSYRPBvuZQ=="
    },
    "just-replace-all": {
      "version": "1.0.0",
      "resolved": "https://registry.npmjs.org/just-replace-all/-/just-replace-all-1.0.0.tgz",
      "integrity": "sha512-5MXg2hnrLXB1J0NSigas4DxUwK7gs6jEHFt5F+dPTYFZcgZipexcjR25FKa14FPlxHMDG2/FIfEoP72tPqrgqA=="
    },
    "just-right-pad": {
      "version": "2.1.0",
      "resolved": "https://registry.npmjs.org/just-right-pad/-/just-right-pad-2.1.0.tgz",
      "integrity": "sha512-bjjhcX28+EEVc15KK7uG3aa+IpWvDmJZmoAXk3QsosjmNJaZ/zoR8Y3QBcUlwndJbj3P/4R2jA6ny4+DyFCYGg=="
    },
    "just-safe-get": {
      "version": "2.1.1",
      "resolved": "https://registry.npmjs.org/just-safe-get/-/just-safe-get-2.1.1.tgz",
      "integrity": "sha512-8nIBVR4twf5VzlNhQ5gwwl6O6vwImUTRPPMGVQfle1Wz5XtGknthAJWDA/nFnS3tnpAl0iewb0cVCxbhC+dKKg=="
    },
    "just-safe-set": {
      "version": "2.2.1",
      "resolved": "https://registry.npmjs.org/just-safe-set/-/just-safe-set-2.2.1.tgz",
      "integrity": "sha512-Yx8y52RfcLjMJtn9UqKM2WFRvq8Xes5bozYU2Fd23Y3p1hJScuSH4i7zY9NfE4APSFfvBgFQFxlfWpGUeCrwkg=="
    },
    "just-shuffle": {
      "version": "3.0.1",
      "resolved": "https://registry.npmjs.org/just-shuffle/-/just-shuffle-3.0.1.tgz",
      "integrity": "sha512-xajEnykHQ+QZE1i9fLQttEBBP1UsPMHv1tNCwNpg+yAf8RFo0GGY3VJCxrXThcf93uQJIOCrcx5VzOBdRfSc9Q=="
    },
    "just-skewness": {
      "version": "1.0.2",
      "resolved": "https://registry.npmjs.org/just-skewness/-/just-skewness-1.0.2.tgz",
      "integrity": "sha512-thtWyIennrOCPVYvwjRKnnlIdrqRCCgGzsaaSkXWwCJrwiwOED3VRUfuFhx/wwENxTgYSKy21yvgf9ATMt7iSw=="
    },
    "just-snake-case": {
      "version": "1.2.1",
      "resolved": "https://registry.npmjs.org/just-snake-case/-/just-snake-case-1.2.1.tgz",
      "integrity": "sha512-ZhHKSHP3zVoZVwHdVAm5BqBruGtIWZ8W8NnTXj5/9jP7apN9GYYeoBSeJyt3yRfbfc3hT1Pe6bnW6nMmv8bMeQ=="
    },
    "just-split": {
      "version": "2.1.1",
      "resolved": "https://registry.npmjs.org/just-split/-/just-split-2.1.1.tgz",
      "integrity": "sha512-YPVh+r9wUJaltUIlDh6mahWosVFR/LUiU96QArj2+VGBvKSW+rdpK0mEq7GNVQ4II0Y/6Yewh3ZtmBK3dgnltg=="
    },
    "just-split-at": {
      "version": "2.1.0",
      "resolved": "https://registry.npmjs.org/just-split-at/-/just-split-at-2.1.0.tgz",
      "integrity": "sha512-iOOgf0nbBWy7sY8lK0LO5X9bbLQZczFwcM0XnYoZs5k+46h5Ww7tyYYYCmlvhSIcyc7IyjEmkkD0AI6S6TqlBg=="
    },
    "just-squash": {
      "version": "1.1.0",
      "resolved": "https://registry.npmjs.org/just-squash/-/just-squash-1.1.0.tgz",
      "integrity": "sha512-FgKicpsrYDibEyXZUbdj6ivrhe7RLsEPZL+avUfQRsrnoh7Lzpeu8uXmuf28S3Elk8EfhkBaLMDTjiu+GTVqeA=="
    },
    "just-stdev": {
      "version": "1.0.0",
      "resolved": "https://registry.npmjs.org/just-stdev/-/just-stdev-1.0.0.tgz",
      "integrity": "sha512-shcADFCZxe+JhOm/2YC3ds2sMA7xAK9UNt5b3la7jWkVDW6IJc553mkB9RIsVlX3hIhyaHsSLwyJlQCozN9A9w=="
    },
    "just-tail": {
      "version": "2.1.0",
      "resolved": "https://registry.npmjs.org/just-tail/-/just-tail-2.1.0.tgz",
      "integrity": "sha512-0SGBnvL1PjWjSmaaCZNo/ebGC+gO8zHQsRZGFFUnqGhzVt2/jM6EF3BrqDWltM8q9tAteALskCTrGn1APb1e1Q=="
    },
    "just-template": {
      "version": "1.2.0",
      "resolved": "https://registry.npmjs.org/just-template/-/just-template-1.2.0.tgz",
      "integrity": "sha512-4+6AlhfZ9JYcSCjItKeFbgAaR8nKIHO148FoDXYXecMJ+YWeoLYZKyE5gbQ6MkIIMdaI01/wODtnoL+D4zFysg=="
    },
    "just-throttle": {
      "version": "2.1.1",
      "resolved": "https://registry.npmjs.org/just-throttle/-/just-throttle-2.1.1.tgz",
      "integrity": "sha512-yVHs4u9N9M5m8LbkyFJRFITPP2OJoGDJ9U3WR9yOcZxjpnRACkSDEReqxlvpd+Zi2D6DnHI+1srOMRpjJ20YnA=="
    },
    "just-truncate": {
      "version": "1.1.0",
      "resolved": "https://registry.npmjs.org/just-truncate/-/just-truncate-1.1.0.tgz",
      "integrity": "sha512-s6ESoBb9mcUKUfse/czFS1BGwUQWsg9t8+zE2898xLM/MLriKR3sjml4C1HKpcKcOIJ358PaIpGXGP1c727IOQ=="
    },
    "just-typeof": {
      "version": "2.0.0",
      "resolved": "https://registry.npmjs.org/just-typeof/-/just-typeof-2.0.0.tgz",
      "integrity": "sha512-9CZPD3KH7sb6oLbgKRx7979HZO6R0E0Ton34zpURt159Sgj1HtKeBIdqKgEEZCjdGKYTnhbONJf7a5Jp5Of6iQ=="
    },
    "just-union": {
      "version": "2.1.0",
      "resolved": "https://registry.npmjs.org/just-union/-/just-union-2.1.0.tgz",
      "integrity": "sha512-LG+LuCzNa3lpijZyjvwCWcTBCIalf+P4wWuwmW9YfSTsv2+1cfy16lLY5PyqbshCoMJLo062GzyaNQ5/MzBvSw=="
    },
    "just-unique": {
      "version": "3.2.0",
      "resolved": "https://registry.npmjs.org/just-unique/-/just-unique-3.2.0.tgz",
      "integrity": "sha512-BWZgvsUVNCP5nMyqq0RQfebwfM+gez+hY+ruDVQZLOMMOmQioMs4ly2AkEylf3cW9Na/lH06dNfQr3GTUj0Dtg=="
    },
    "just-values": {
      "version": "1.1.0",
      "resolved": "https://registry.npmjs.org/just-values/-/just-values-1.1.0.tgz",
      "integrity": "sha512-iyVaxuZetKmAqaFv3TX7EnOD6lHH23re8fYwlFXs6FTSGIAfuidcKy1XIMdCfMX3FKwybnn/Ig/E0HkuNM/d3g=="
    },
    "just-variance": {
      "version": "1.0.0",
      "resolved": "https://registry.npmjs.org/just-variance/-/just-variance-1.0.0.tgz",
      "integrity": "sha512-l0l1+ekAvoR9TrbiNwLOpX9Q1XRB7J8RIdIJMt8pmqi9brz470BxbwNo6K4p6XhSwGOWI65543zKfCmkf1DsgA=="
    },
    "just-zip-it": {
      "version": "2.1.0",
      "resolved": "https://registry.npmjs.org/just-zip-it/-/just-zip-it-2.1.0.tgz",
      "integrity": "sha512-+5+Gd4t/VWUpWeCM0pxUFvNdYnkIKhjQCQrLyMkVUUyMeJQwxkf/E7pih5hLui8JMRR2VpuizXqs3c3rop1URw=="
    }
  }
}
